
Microsoft Visual Studio Solution File, Format Version 12.00
# Visual Studio Version 17
VisualStudioVersion = 17.2.32505.173
MinimumVisualStudioVersion = 10.0.40219.1
Project("{FAE04EC0-301F-11D3-BF4B-00C04F79EFBC}") = "Interface", "Interface\Interface.csproj", "{68625334-089A-4D6A-9FAA-1F9796BD57DD}"
EndProject
Global
	GlobalSection(SolutionConfigurationPlatforms) = preSolution
		Debug|Any CPU = Debug|Any CPU
		Release|Any CPU = Release|Any CPU
	EndGlobalSection
	GlobalSection(ProjectConfigurationPlatforms) = postSolution
		{68625334-089A-4D6A-9FAA-1F9796BD57DD}.Debug|Any CPU.ActiveCfg = Debug|Any CPU
		{68625334-089A-4D6A-9FAA-1F9796BD57DD}.Debug|Any CPU.Build.0 = Debug|Any CPU
		{68625334-089A-4D6A-9FAA-1F9796BD57DD}.Release|Any CPU.ActiveCfg = Release|Any CPU
		{68625334-089A-4D6A-9FAA-1F9796BD57DD}.Release|Any CPU.Build.0 = Release|Any CPU
	EndGlobalSection
	GlobalSection(SolutionProperties) = preSolution
		HideSolutionNode = FALSE
	EndGlobalSection
	GlobalSection(ExtensibilityGlobals) = postSolution
		SolutionGuid = {2003A5CA-3590-4148-A95E-02BDCDA55F2D}
	EndGlobalSection
EndGlobal
